{
  "name": "ayyxrndorpx.angular",
  "version": "0.0.0",
  "lockfileVersion": 1,
  "requires": true,
  "dependencies": {
    "@angular/animations": {
      "version": "8.0.0",
      "resolved": "https://registry.npmjs.org/@angular/animations/-/animations-8.0.0.tgz",
      "integrity": "sha512-hggSRi83rmocLwzrKZtmFcqPdivKSJqp2yiYaiNmJ2yQWJ1JW/Lurypv9H347RWxmwCCwC2kV8embTGbOXIFDQ==",
      "requires": {
        "tslib": "^1.9.0"
      }
    },
    "@angular/common": {
      "version": "8.0.0",
      "resolved": "https://registry.npmjs.org/@angular/common/-/common-8.0.0.tgz",
      "integrity": "sha512-iOAJZ0+1zTRHnHE/5G30+4Q66W1pfZkSkxZIXvgijZ+wtuNloYdWNy/IdZ/m7ayBI7A6FsYEhyMUoWz2HVEJNw==",
      "requires": {
        "tslib": "^1.9.0"
      }
    },
    "@angular/compiler": {
      "version": "8.0.0",
      "resolved": "https://registry.npmjs.org/@angular/compiler/-/compiler-8.0.0.tgz",
      "integrity": "sha512-4rKsVFMNykF83tPL1VE1+j9kZ3cWHUsLOAB/VqmF64EcR/GsbjKog2v23rSso5kqUtPiVq/FWGYllW6qMdxtJA==",
      "requires": {
        "tslib": "^1.9.0"
      }
    },
    "@angular/core": {
      "version": "8.0.0",
      "resolved": "https://registry.npmjs.org/@angular/core/-/core-8.0.0.tgz",
      "integrity": "sha512-mrkP1PTzqCmZGLYll+TDyawLXHzi+FcRPqSuRxCmDMthUUE93SLXT2yISDkx9aMPtFKgFr6KfrIkKuCz16BP/g==",
      "requires": {
        "tslib": "^1.9.0"
      }
    },
    "@angular/forms": {
      "version": "8.0.0",
      "resolved": "https://registry.npmjs.org/@angular/forms/-/forms-8.0.0.tgz",
      "integrity": "sha512-T6XdG3mALWzvnrN3fA1hAmfwvraiF1SPMWNXgPk2riuMf8CFdoro+tQZ4eo1islHrTTw5QzmqN8JJALfhAG6bg==",
      "requires": {
        "tslib": "^1.9.0"
      }
    },
    "@angular/platform-browser": {
      "version": "8.0.0",
      "resolved": "https://registry.npmjs.org/@angular/platform-browser/-/platform-browser-8.0.0.tgz",
      "integrity": "sha512-fTD+pTMbq+On9Uv3VXiei2lfuX7GX31dngm/Y4yWTFeW6eXy0+7kkfflzpLOb0hykCZvcXzarqCuEBBYNLrrOg==",
      "requires": {
        "tslib": "^1.9.0"
      }
    },
    "@angular/platform-browser-dynamic": {
      "version": "8.0.0",
      "resolved": "https://registry.npmjs.org/@angular/platform-browser-dynamic/-/platform-browser-dynamic-8.0.0.tgz",
      "integrity": "sha512-dx7W7JoSFbsveexjZ/BPlsXbMDLWVLmRCo7IqLvibMrTbdpaaOCNJIXJk1X+f7JJrQ7SwlZaVkoLCMoDWw6fmA==",
      "requires": {
        "tslib": "^1.9.0"
      }
    },
    "@angular/router": {
      "version": "8.0.0",
      "resolved": "https://registry.npmjs.org/@angular/router/-/router-8.0.0.tgz",
      "integrity": "sha512-DGUTb8qpndE5m716xh00GxuC8o7qamlqbUruGB+SQD6ynU7s5yLGxtKffxqb1BT63+YewpsVxc2Koruvb1qjDw==",
      "requires": {
        "tslib": "^1.9.0"
      }
    },
    "@azure/msal-angular": {
      "version": "0.1.2",
      "resolved": "https://registry.npmjs.org/@azure/msal-angular/-/msal-angular-0.1.2.tgz",
      "integrity": "sha512-J8vfgx0cKQg6g709YVa2aKZYx1yaFrlemVUqhEFRPS6jAk5SiVi5GK0nqbKkL0wdLiNEMOkolOJpBG0yjERG5g==",
      "requires": {
        "msal": "0.2.1",
        "tslib": "1.7.1"
      },
      "dependencies": {
        "tslib": {
          "version": "1.7.1",
          "resolved": "https://registry.npmjs.org/tslib/-/tslib-1.7.1.tgz",
          "integrity": "sha1-vIAEFkaRkjp5/oN4u+s9ogF1OOw="
        }
      }
    },
    "angular-in-memory-web-api": {
      "version": "0.8.0",
      "resolved": "https://registry.npmjs.org/angular-in-memory-web-api/-/angular-in-memory-web-api-0.8.0.tgz",
      "integrity": "sha512-2n0YtCLFxZo4JePHvH6q8b7JmBmhZq44Ic8VaBPRSXE4vAmlKXHU+kI2quNa612EAETDRkZcvLOU8K8CkhIZgQ=="
    },
    "core-js": {
      "version": "2.6.9",
      "resolved": "https://registry.npmjs.org/core-js/-/core-js-2.6.9.tgz",
      "integrity": "sha512-HOpZf6eXmnl7la+cUdMnLvUxKNqLUzJvgIziQ0DiF3JwSImNphIqdGqzj6hIKyX04MmV0poclQ7+wjWvxQyR2A=="
    },
    "jasmine-core": {
      "version": "2.99.1",
      "resolved": "https://registry.npmjs.org/jasmine-core/-/jasmine-core-2.99.1.tgz",
      "integrity": "sha1-5kAN8ea1bhMLYcS80JPap/boyhU=",
      "dev": true
    },
    "jasmine-marbles": {
      "version": "0.5.0",
      "resolved": "https://registry.npmjs.org/jasmine-marbles/-/jasmine-marbles-0.5.0.tgz",
      "integrity": "sha512-hkSYy7VJpcxaKE48s/CasVpGyheElp5ZegguFi5kpYAaUWsyOko6RnMZS1kv14ThMtlJVNqCW5z16f1q6HqbEg==",
      "requires": {
        "lodash": "^4.5.0"
      }
    },
    "lodash": {
      "version": "4.17.11",
      "resolved": "https://registry.npmjs.org/lodash/-/lodash-4.17.11.tgz",
      "integrity": "sha512-cQKh8igo5QUhZ7lg38DYWAxMvjSAKG0A8wGSVimP07SIUEK2UO+arSRKbRZWtelMtN5V0Hkwh5ryOto/SshYIg=="
    },
    "msal": {
      "version": "0.2.1",
      "resolved": "https://registry.npmjs.org/msal/-/msal-0.2.1.tgz",
      "integrity": "sha512-oDWPtWTB+tmtVUOawNJS1pGKhtvy2IUrZQFGfpx53bgJvHV+AbF3718AvyRHuJZBt1egS0m4Aqk129nKAe7CUw==",
      "requires": {
        "tslib": "1.7.1"
      },
      "dependencies": {
        "tslib": {
          "version": "1.7.1",
          "resolved": "https://registry.npmjs.org/tslib/-/tslib-1.7.1.tgz",
          "integrity": "sha1-vIAEFkaRkjp5/oN4u+s9ogF1OOw="
        }
      }
    },
    "rxjs": {
      "version": "6.5.2",
      "resolved": "https://registry.npmjs.org/rxjs/-/rxjs-6.5.2.tgz",
      "integrity": "sha512-HUb7j3kvb7p7eCUHE3FqjoDsC1xfZQ4AHFWfTKSpZ+sAhhz5X1WX0ZuUqWbzB2QhSLp3DoLUG+hMdEDKqWo2Zg==",
      "requires": {
        "tslib": "^1.9.0"
      }
    },
    "tslib": {
      "version": "1.10.0",
      "resolved": "https://registry.npmjs.org/tslib/-/tslib-1.10.0.tgz",
      "integrity": "sha512-qOebF53frne81cf0S9B41ByenJ3/IuH8yJKngAX35CmiZySA0khhkovshKK+jGCaMnVomla7gVlIcc3EvKPbTQ=="
    },
    "web-animations-js": {
      "version": "2.3.1",
      "resolved": "https://registry.npmjs.org/web-animations-js/-/web-animations-js-2.3.1.tgz",
      "integrity": "sha1-Om2bwVGWN3qQ+OKAP6UmIWWwRRA="
    },
    "zone.js": {
      "version": "0.9.1",
      "resolved": "https://registry.npmjs.org/zone.js/-/zone.js-0.9.1.tgz",
      "integrity": "sha512-GkPiJL8jifSrKReKaTZ5jkhrMEgXbXYC+IPo1iquBjayRa0q86w3Dipjn8b415jpitMExe9lV8iTsv8tk3DGag=="
    }
  }
}
